// !$*UTF8*$!
{
	archiveVersion = 1;
	classes = {
	};
	objectVersion = 52;
	objects = {

/* Begin PBXBuildFile section */
		C9A522E6265FF7660054C454 /* Stacksift.swift in Sources */ = {isa = PBXBuildFile; fileRef = C9A522E4265FF75E0054C454 /* Stacksift.swift */; };
		C9A522E7265FF7680054C454 /* FileManager+Directories.swift in Sources */ = {isa = PBXBuildFile; fileRef = C9A522E5265FF75E0054C454 /* FileManager+Directories.swift */; };
		C9A522F2266031FF0054C454 /* MetricKitSubscriber.swift in Sources */ = {isa = PBXBuildFile; fileRef = C9A522F1266031FF0054C454 /* MetricKitSubscriber.swift */; };
		C9A522F42660354D0054C454 /* UUID+Utilities.swift in Sources */ = {isa = PBXBuildFile; fileRef = C9A522F32660354D0054C454 /* UUID+Utilities.swift */; };
		C9A522F62660FB3E0054C454 /* UploadIdentifier.swift in Sources */ = {isa = PBXBuildFile; fileRef = C9A522F52660FB3E0054C454 /* UploadIdentifier.swift */; };
		C9A54177267A816100ABAB5F /* Impact.xcframework in Frameworks */ = {isa = PBXBuildFile; fileRef = C9A522EA266023310054C454 /* Impact.xcframework */; };
		C9A5417A267A816200ABAB5F /* Wells.xcframework in Frameworks */ = {isa = PBXBuildFile; fileRef = C9A522EB266023310054C454 /* Wells.xcframework */; };
		C9DAB1BC26F105FE0012E9E2 /* StacksiftTests.swift in Sources */ = {isa = PBXBuildFile; fileRef = C9DAB1BB26F105FE0012E9E2 /* StacksiftTests.swift */; };
		C9DAB1BD26F105FE0012E9E2 /* Stacksift.framework in Frameworks */ = {isa = PBXBuildFile; fileRef = C9A522D7265FF6240054C454 /* Stacksift.framework */; platformFilter = ios; };
		C9DAB1C426F106A00012E9E2 /* libc++abi.tbd in Frameworks */ = {isa = PBXBuildFile; fileRef = C9DAB1C326F106A00012E9E2 /* libc++abi.tbd */; };
		C9DAB1C726F1071A0012E9E2 /* ObjCStacksiftTests.m in Sources */ = {isa = PBXBuildFile; fileRef = C9DAB1C626F1071A0012E9E2 /* ObjCStacksiftTests.m */; };
/* End PBXBuildFile section */

/* Begin PBXContainerItemProxy section */
		C9DAB1BE26F105FE0012E9E2 /* PBXContainerItemProxy */ = {
			isa = PBXContainerItemProxy;
			containerPortal = C9A522CE265FF6240054C454 /* Project object */;
			proxyType = 1;
			remoteGlobalIDString = C9A522D6265FF6240054C454;
			remoteInfo = SDK;
		};
/* End PBXContainerItemProxy section */

/* Begin PBXFileReference section */
		C9A522D7265FF6240054C454 /* Stacksift.framework */ = {isa = PBXFileReference; explicitFileType = wrapper.framework; includeInIndex = 0; path = Stacksift.framework; sourceTree = BUILT_PRODUCTS_DIR; };
		C9A522E2265FF67C0054C454 /* SDK.xcconfig */ = {isa = PBXFileReference; lastKnownFileType = text.xcconfig; path = SDK.xcconfig; sourceTree = "<group>"; };
		C9A522E4265FF75E0054C454 /* Stacksift.swift */ = {isa = PBXFileReference; lastKnownFileType = sourcecode.swift; path = Stacksift.swift; sourceTree = "<group>"; };
		C9A522E5265FF75E0054C454 /* FileManager+Directories.swift */ = {isa = PBXFileReference; lastKnownFileType = sourcecode.swift; path = "FileManager+Directories.swift"; sourceTree = "<group>"; };
		C9A522EA266023310054C454 /* Impact.xcframework */ = {isa = PBXFileReference; lastKnownFileType = wrapper.xcframework; name = Impact.xcframework; path = Carthage/Build/Impact.xcframework; sourceTree = "<group>"; };
		C9A522EB266023310054C454 /* Wells.xcframework */ = {isa = PBXFileReference; lastKnownFileType = wrapper.xcframework; name = Wells.xcframework; path = Carthage/Build/Wells.xcframework; sourceTree = "<group>"; };
		C9A522F1266031FF0054C454 /* MetricKitSubscriber.swift */ = {isa = PBXFileReference; lastKnownFileType = sourcecode.swift; path = MetricKitSubscriber.swift; sourceTree = "<group>"; };
		C9A522F32660354D0054C454 /* UUID+Utilities.swift */ = {isa = PBXFileReference; lastKnownFileType = sourcecode.swift; path = "UUID+Utilities.swift"; sourceTree = "<group>"; };
		C9A522F52660FB3E0054C454 /* UploadIdentifier.swift */ = {isa = PBXFileReference; lastKnownFileType = sourcecode.swift; path = UploadIdentifier.swift; sourceTree = "<group>"; };
		C9DAB1B926F105FE0012E9E2 /* StacksiftTests.xctest */ = {isa = PBXFileReference; explicitFileType = wrapper.cfbundle; includeInIndex = 0; path = StacksiftTests.xctest; sourceTree = BUILT_PRODUCTS_DIR; };
		C9DAB1BB26F105FE0012E9E2 /* StacksiftTests.swift */ = {isa = PBXFileReference; lastKnownFileType = sourcecode.swift; path = StacksiftTests.swift; sourceTree = "<group>"; };
		C9DAB1C326F106A00012E9E2 /* libc++abi.tbd */ = {isa = PBXFileReference; lastKnownFileType = "sourcecode.text-based-dylib-definition"; name = "libc++abi.tbd"; path = "usr/lib/libc++abi.tbd"; sourceTree = SDKROOT; };
		C9DAB1C526F1071A0012E9E2 /* StacksiftTests-Bridging-Header.h */ = {isa = PBXFileReference; lastKnownFileType = sourcecode.c.h; path = "StacksiftTests-Bridging-Header.h"; sourceTree = "<group>"; };
		C9DAB1C626F1071A0012E9E2 /* ObjCStacksiftTests.m */ = {isa = PBXFileReference; lastKnownFileType = sourcecode.c.objc; path = ObjCStacksiftTests.m; sourceTree = "<group>"; };
/* End PBXFileReference section */

/* Begin PBXFrameworksBuildPhase section */
		C9A522D4265FF6240054C454 /* Frameworks */ = {
			isa = PBXFrameworksBuildPhase;
			buildActionMask = 2147483647;
			files = (
				C9A54177267A816100ABAB5F /* Impact.xcframework in Frameworks */,
				C9A5417A267A816200ABAB5F /* Wells.xcframework in Frameworks */,
			);
			runOnlyForDeploymentPostprocessing = 0;
		};
		C9DAB1B626F105FE0012E9E2 /* Frameworks */ = {
			isa = PBXFrameworksBuildPhase;
			buildActionMask = 2147483647;
			files = (
				C9DAB1C426F106A00012E9E2 /* libc++abi.tbd in Frameworks */,
				C9DAB1BD26F105FE0012E9E2 /* Stacksift.framework in Frameworks */,
			);
			runOnlyForDeploymentPostprocessing = 0;
		};
/* End PBXFrameworksBuildPhase section */

/* Begin PBXGroup section */
		C9A522CD265FF6240054C454 = {
			isa = PBXGroup;
			children = (
				C9A522E3265FF75E0054C454 /* Stacksift */,
				C9A522E2265FF67C0054C454 /* SDK.xcconfig */,
				C9DAB1BA26F105FE0012E9E2 /* StacksiftTests */,
				C9A522D8265FF6240054C454 /* Products */,
				C9A522E9266023310054C454 /* Frameworks */,
			);
			sourceTree = "<group>";
		};
		C9A522D8265FF6240054C454 /* Products */ = {
			isa = PBXGroup;
			children = (
				C9A522D7265FF6240054C454 /* Stacksift.framework */,
				C9DAB1B926F105FE0012E9E2 /* StacksiftTests.xctest */,
			);
			name = Products;
			sourceTree = "<group>";
		};
		C9A522E3265FF75E0054C454 /* Stacksift */ = {
			isa = PBXGroup;
			children = (
				C9A522E4265FF75E0054C454 /* Stacksift.swift */,
				C9A522E5265FF75E0054C454 /* FileManager+Directories.swift */,
				C9A522F1266031FF0054C454 /* MetricKitSubscriber.swift */,
				C9A522F32660354D0054C454 /* UUID+Utilities.swift */,
				C9A522F52660FB3E0054C454 /* UploadIdentifier.swift */,
			);
			name = Stacksift;
			path = Sources/Stacksift;
			sourceTree = "<group>";
		};
		C9A522E9266023310054C454 /* Frameworks */ = {
			isa = PBXGroup;
			children = (
				C9DAB1C326F106A00012E9E2 /* libc++abi.tbd */,
				C9A522EA266023310054C454 /* Impact.xcframework */,
				C9A522EB266023310054C454 /* Wells.xcframework */,
			);
			name = Frameworks;
			sourceTree = "<group>";
		};
		C9DAB1BA26F105FE0012E9E2 /* StacksiftTests */ = {
			isa = PBXGroup;
			children = (
				C9DAB1BB26F105FE0012E9E2 /* StacksiftTests.swift */,
				C9DAB1C626F1071A0012E9E2 /* ObjCStacksiftTests.m */,
				C9DAB1C526F1071A0012E9E2 /* StacksiftTests-Bridging-Header.h */,
			);
			path = StacksiftTests;
			sourceTree = "<group>";
		};
/* End PBXGroup section */

/* Begin PBXHeadersBuildPhase section */
		C9A522D2265FF6240054C454 /* Headers */ = {
			isa = PBXHeadersBuildPhase;
			buildActionMask = 2147483647;
			files = (
			);
			runOnlyForDeploymentPostprocessing = 0;
		};
/* End PBXHeadersBuildPhase section */

/* Begin PBXNativeTarget section */
		C9A522D6265FF6240054C454 /* SDK */ = {
			isa = PBXNativeTarget;
			buildConfigurationList = C9A522DF265FF6240054C454 /* Build configuration list for PBXNativeTarget "SDK" */;
			buildPhases = (
				C9A522D2265FF6240054C454 /* Headers */,
				C9A522D3265FF6240054C454 /* Sources */,
				C9A522D4265FF6240054C454 /* Frameworks */,
				C9A522D5265FF6240054C454 /* Resources */,
			);
			buildRules = (
			);
			dependencies = (
			);
			name = SDK;
			productName = SDK;
			productReference = C9A522D7265FF6240054C454 /* Stacksift.framework */;
			productType = "com.apple.product-type.framework";
		};
		C9DAB1B826F105FE0012E9E2 /* StacksiftTests */ = {
			isa = PBXNativeTarget;
			buildConfigurationList = C9DAB1C226F105FE0012E9E2 /* Build configuration list for PBXNativeTarget "StacksiftTests" */;
			buildPhases = (
				C9DAB1B526F105FE0012E9E2 /* Sources */,
				C9DAB1B626F105FE0012E9E2 /* Frameworks */,
				C9DAB1B726F105FE0012E9E2 /* Resources */,
			);
			buildRules = (
			);
			dependencies = (
				C9DAB1BF26F105FE0012E9E2 /* PBXTargetDependency */,
			);
			name = StacksiftTests;
			productName = StacksiftTests;
			productReference = C9DAB1B926F105FE0012E9E2 /* StacksiftTests.xctest */;
			productType = "com.apple.product-type.bundle.unit-test";
		};
/* End PBXNativeTarget section */

/* Begin PBXProject section */
		C9A522CE265FF6240054C454 /* Project object */ = {
			isa = PBXProject;
			attributes = {
				LastSwiftUpdateCheck = 1300;
				LastUpgradeCheck = 1250;
				TargetAttributes = {
					C9A522D6265FF6240054C454 = {
						CreatedOnToolsVersion = 12.5;
					};
					C9DAB1B826F105FE0012E9E2 = {
						CreatedOnToolsVersion = 13.0;
						LastSwiftMigration = 1300;
					};
				};
			};
			buildConfigurationList = C9A522D1265FF6240054C454 /* Build configuration list for PBXProject "SDK" */;
			compatibilityVersion = "Xcode 9.3";
			developmentRegion = en;
			hasScannedForEncodings = 0;
			knownRegions = (
				en,
				Base,
			);
			mainGroup = C9A522CD265FF6240054C454;
			productRefGroup = C9A522D8265FF6240054C454 /* Products */;
			projectDirPath = "";
			projectRoot = "";
			targets = (
				C9A522D6265FF6240054C454 /* SDK */,
				C9DAB1B826F105FE0012E9E2 /* StacksiftTests */,
			);
		};
/* End PBXProject section */

/* Begin PBXResourcesBuildPhase section */
		C9A522D5265FF6240054C454 /* Resources */ = {
			isa = PBXResourcesBuildPhase;
			buildActionMask = 2147483647;
			files = (
			);
			runOnlyForDeploymentPostprocessing = 0;
		};
		C9DAB1B726F105FE0012E9E2 /* Resources */ = {
			isa = PBXResourcesBuildPhase;
			buildActionMask = 2147483647;
			files = (
			);
			runOnlyForDeploymentPostprocessing = 0;
		};
/* End PBXResourcesBuildPhase section */

/* Begin PBXSourcesBuildPhase section */
		C9A522D3265FF6240054C454 /* Sources */ = {
			isa = PBXSourcesBuildPhase;
			buildActionMask = 2147483647;
			files = (
				C9A522F2266031FF0054C454 /* MetricKitSubscriber.swift in Sources */,
				C9A522E6265FF7660054C454 /* Stacksift.swift in Sources */,
				C9A522F42660354D0054C454 /* UUID+Utilities.swift in Sources */,
				C9A522F62660FB3E0054C454 /* UploadIdentifier.swift in Sources */,
				C9A522E7265FF7680054C454 /* FileManager+Directories.swift in Sources */,
			);
			runOnlyForDeploymentPostprocessing = 0;
		};
		C9DAB1B526F105FE0012E9E2 /* Sources */ = {
			isa = PBXSourcesBuildPhase;
			buildActionMask = 2147483647;
			files = (
				C9DAB1C726F1071A0012E9E2 /* ObjCStacksiftTests.m in Sources */,
				C9DAB1BC26F105FE0012E9E2 /* StacksiftTests.swift in Sources */,
			);
			runOnlyForDeploymentPostprocessing = 0;
		};
/* End PBXSourcesBuildPhase section */

/* Begin PBXTargetDependency section */
		C9DAB1BF26F105FE0012E9E2 /* PBXTargetDependency */ = {
			isa = PBXTargetDependency;
			platformFilter = ios;
			target = C9A522D6265FF6240054C454 /* SDK */;
			targetProxy = C9DAB1BE26F105FE0012E9E2 /* PBXContainerItemProxy */;
		};
/* End PBXTargetDependency section */

/* Begin XCBuildConfiguration section */
		C9A522DD265FF6240054C454 /* Debug */ = {
			isa = XCBuildConfiguration;
			buildSettings = {
				ALWAYS_SEARCH_USER_PATHS = NO;
				CLANG_ANALYZER_NONNULL = YES;
				CLANG_ANALYZER_NUMBER_OBJECT_CONVERSION = YES_AGGRESSIVE;
				CLANG_CXX_LANGUAGE_STANDARD = "gnu++14";
				CLANG_CXX_LIBRARY = "libc++";
				CLANG_ENABLE_MODULES = YES;
				CLANG_ENABLE_OBJC_ARC = YES;
				CLANG_ENABLE_OBJC_WEAK = YES;
				CLANG_WARN_BLOCK_CAPTURE_AUTORELEASING = YES;
				CLANG_WARN_BOOL_CONVERSION = YES;
				CLANG_WARN_COMMA = YES;
				CLANG_WARN_CONSTANT_CONVERSION = YES;
				CLANG_WARN_DEPRECATED_OBJC_IMPLEMENTATIONS = YES;
				CLANG_WARN_DIRECT_OBJC_ISA_USAGE = YES_ERROR;
				CLANG_WARN_DOCUMENTATION_COMMENTS = YES;
				CLANG_WARN_EMPTY_BODY = YES;
				CLANG_WARN_ENUM_CONVERSION = YES;
				CLANG_WARN_INFINITE_RECURSION = YES;
				CLANG_WARN_INT_CONVERSION = YES;
				CLANG_WARN_NON_LITERAL_NULL_CONVERSION = YES;
				CLANG_WARN_OBJC_IMPLICIT_RETAIN_SELF = YES;
				CLANG_WARN_OBJC_LITERAL_CONVERSION = YES;
				CLANG_WARN_OBJC_ROOT_CLASS = YES_ERROR;
				CLANG_WARN_QUOTED_INCLUDE_IN_FRAMEWORK_HEADER = YES;
				CLANG_WARN_RANGE_LOOP_ANALYSIS = YES;
				CLANG_WARN_STRICT_PROTOTYPES = YES;
				CLANG_WARN_SUSPICIOUS_MOVE = YES;
				CLANG_WARN_UNGUARDED_AVAILABILITY = YES_AGGRESSIVE;
				CLANG_WARN_UNREACHABLE_CODE = YES;
				CLANG_WARN__DUPLICATE_METHOD_MATCH = YES;
				COPY_PHASE_STRIP = NO;
				CURRENT_PROJECT_VERSION = 1;
				DEBUG_INFORMATION_FORMAT = dwarf;
				ENABLE_STRICT_OBJC_MSGSEND = YES;
				ENABLE_TESTABILITY = YES;
				GCC_C_LANGUAGE_STANDARD = gnu11;
				GCC_DYNAMIC_NO_PIC = NO;
				GCC_NO_COMMON_BLOCKS = YES;
				GCC_OPTIMIZATION_LEVEL = 0;
				GCC_PREPROCESSOR_DEFINITIONS = (
					"DEBUG=1",
					"$(inherited)",
				);
				GCC_WARN_64_TO_32_BIT_CONVERSION = YES;
				GCC_WARN_ABOUT_RETURN_TYPE = YES_ERROR;
				GCC_WARN_UNDECLARED_SELECTOR = YES;
				GCC_WARN_UNINITIALIZED_AUTOS = YES_AGGRESSIVE;
				GCC_WARN_UNUSED_FUNCTION = YES;
				GCC_WARN_UNUSED_VARIABLE = YES;
				MACOSX_DEPLOYMENT_TARGET = 11.3;
				MTL_ENABLE_DEBUG_INFO = INCLUDE_SOURCE;
				MTL_FAST_MATH = YES;
				ONLY_ACTIVE_ARCH = YES;
				SDKROOT = macosx;
				SWIFT_ACTIVE_COMPILATION_CONDITIONS = DEBUG;
				SWIFT_OPTIMIZATION_LEVEL = "-Onone";
				VERSIONING_SYSTEM = "apple-generic";
				VERSION_INFO_PREFIX = "";
			};
			name = Debug;
		};
		C9A522DE265FF6240054C454 /* Release */ = {
			isa = XCBuildConfiguration;
			buildSettings = {
				ALWAYS_SEARCH_USER_PATHS = NO;
				CLANG_ANALYZER_NONNULL = YES;
				CLANG_ANALYZER_NUMBER_OBJECT_CONVERSION = YES_AGGRESSIVE;
				CLANG_CXX_LANGUAGE_STANDARD = "gnu++14";
				CLANG_CXX_LIBRARY = "libc++";
				CLANG_ENABLE_MODULES = YES;
				CLANG_ENABLE_OBJC_ARC = YES;
				CLANG_ENABLE_OBJC_WEAK = YES;
				CLANG_WARN_BLOCK_CAPTURE_AUTORELEASING = YES;
				CLANG_WARN_BOOL_CONVERSION = YES;
				CLANG_WARN_COMMA = YES;
				CLANG_WARN_CONSTANT_CONVERSION = YES;
				CLANG_WARN_DEPRECATED_OBJC_IMPLEMENTATIONS = YES;
				CLANG_WARN_DIRECT_OBJC_ISA_USAGE = YES_ERROR;
				CLANG_WARN_DOCUMENTATION_COMMENTS = YES;
				CLANG_WARN_EMPTY_BODY = YES;
				CLANG_WARN_ENUM_CONVERSION = YES;
				CLANG_WARN_INFINITE_RECURSION = YES;
				CLANG_WARN_INT_CONVERSION = YES;
				CLANG_WARN_NON_LITERAL_NULL_CONVERSION = YES;
				CLANG_WARN_OBJC_IMPLICIT_RETAIN_SELF = YES;
				CLANG_WARN_OBJC_LITERAL_CONVERSION = YES;
				CLANG_WARN_OBJC_ROOT_CLASS = YES_ERROR;
				CLANG_WARN_QUOTED_INCLUDE_IN_FRAMEWORK_HEADER = YES;
				CLANG_WARN_RANGE_LOOP_ANALYSIS = YES;
				CLANG_WARN_STRICT_PROTOTYPES = YES;
				CLANG_WARN_SUSPICIOUS_MOVE = YES;
				CLANG_WARN_UNGUARDED_AVAILABILITY = YES_AGGRESSIVE;
				CLANG_WARN_UNREACHABLE_CODE = YES;
				CLANG_WARN__DUPLICATE_METHOD_MATCH = YES;
				COPY_PHASE_STRIP = NO;
				CURRENT_PROJECT_VERSION = 1;
				DEBUG_INFORMATION_FORMAT = "dwarf-with-dsym";
				ENABLE_NS_ASSERTIONS = NO;
				ENABLE_STRICT_OBJC_MSGSEND = YES;
				GCC_C_LANGUAGE_STANDARD = gnu11;
				GCC_NO_COMMON_BLOCKS = YES;
				GCC_WARN_64_TO_32_BIT_CONVERSION = YES;
				GCC_WARN_ABOUT_RETURN_TYPE = YES_ERROR;
				GCC_WARN_UNDECLARED_SELECTOR = YES;
				GCC_WARN_UNINITIALIZED_AUTOS = YES_AGGRESSIVE;
				GCC_WARN_UNUSED_FUNCTION = YES;
				GCC_WARN_UNUSED_VARIABLE = YES;
				MACOSX_DEPLOYMENT_TARGET = 11.3;
				MTL_ENABLE_DEBUG_INFO = NO;
				MTL_FAST_MATH = YES;
				SDKROOT = macosx;
				SWIFT_COMPILATION_MODE = wholemodule;
				SWIFT_OPTIMIZATION_LEVEL = "-O";
				VERSIONING_SYSTEM = "apple-generic";
				VERSION_INFO_PREFIX = "";
			};
			name = Release;
		};
		C9A522E0265FF6240054C454 /* Debug */ = {
			isa = XCBuildConfiguration;
			baseConfigurationReference = C9A522E2265FF67C0054C454 /* SDK.xcconfig */;
			buildSettings = {
				CODE_SIGN_STYLE = Automatic;
				COMBINE_HIDPI_IMAGES = YES;
				DEFINES_MODULE = YES;
				DYLIB_COMPATIBILITY_VERSION = 1;
				DYLIB_INSTALL_NAME_BASE = "@rpath";
				INSTALL_PATH = "$(LOCAL_LIBRARY_DIR)/Frameworks";
				LD_RUNPATH_SEARCH_PATHS = (
					"$(inherited)",
					"@executable_path/../Frameworks",
					"@loader_path/Frameworks",
				);
				PRODUCT_BUNDLE_IDENTIFIER = io.stacksift.SDK;
				SKIP_INSTALL = YES;
			};
			name = Debug;
		};
		C9A522E1265FF6240054C454 /* Release */ = {
			isa = XCBuildConfiguration;
			baseConfigurationReference = C9A522E2265FF67C0054C454 /* SDK.xcconfig */;
			buildSettings = {
				CODE_SIGN_STYLE = Automatic;
				COMBINE_HIDPI_IMAGES = YES;
				DEFINES_MODULE = YES;
				DYLIB_COMPATIBILITY_VERSION = 1;
				DYLIB_INSTALL_NAME_BASE = "@rpath";
				INSTALL_PATH = "$(LOCAL_LIBRARY_DIR)/Frameworks";
				LD_RUNPATH_SEARCH_PATHS = (
					"$(inherited)",
					"@executable_path/../Frameworks",
					"@loader_path/Frameworks",
				);
				PRODUCT_BUNDLE_IDENTIFIER = io.stacksift.SDK;
				SKIP_INSTALL = YES;
			};
			name = Release;
		};
		C9DAB1C026F105FE0012E9E2 /* Debug */ = {
			isa = XCBuildConfiguration;
			buildSettings = {
				CLANG_CXX_LANGUAGE_STANDARD = "gnu++17";
				CLANG_ENABLE_MODULES = YES;
				CODE_SIGN_STYLE = Automatic;
				COMBINE_HIDPI_IMAGES = YES;
				CURRENT_PROJECT_VERSION = 1;
				GENERATE_INFOPLIST_FILE = YES;
				LD_RUNPATH_SEARCH_PATHS = (
					"$(inherited)",
					"@executable_path/../Frameworks",
					"@loader_path/../Frameworks",
				);
				MACOSX_DEPLOYMENT_TARGET = 12.0;
				MARKETING_VERSION = 1.0;
				PRODUCT_BUNDLE_IDENTIFIER = io.stacksift.StacksiftTests;
				PRODUCT_NAME = "$(TARGET_NAME)";
				SWIFT_EMIT_LOC_STRINGS = NO;
				SWIFT_OBJC_BRIDGING_HEADER = "StacksiftTests/StacksiftTests-Bridging-Header.h";
				SWIFT_OPTIMIZATION_LEVEL = "-Onone";
				SWIFT_VERSION = 5.0;
			};
			name = Debug;
		};
		C9DAB1C126F105FE0012E9E2 /* Release */ = {
			isa = XCBuildConfiguration;
			buildSettings = {
				CLANG_CXX_LANGUAGE_STANDARD = "gnu++17";
				CLANG_ENABLE_MODULES = YES;
				CODE_SIGN_STYLE = Automatic;
				COMBINE_HIDPI_IMAGES = YES;
				CURRENT_PROJECT_VERSION = 1;
				GENERATE_INFOPLIST_FILE = YES;
				LD_RUNPATH_SEARCH_PATHS = (
					"$(inherited)",
					"@executable_path/../Frameworks",
					"@loader_path/../Frameworks",
				);
				MACOSX_DEPLOYMENT_TARGET = 12.0;
				MARKETING_VERSION = 1.0;
				PRODUCT_BUNDLE_IDENTIFIER = io.stacksift.StacksiftTests;
				PRODUCT_NAME = "$(TARGET_NAME)";
				SWIFT_EMIT_LOC_STRINGS = NO;
				SWIFT_OBJC_BRIDGING_HEADER = "StacksiftTests/StacksiftTests-Bridging-Header.h";
				SWIFT_VERSION = 5.0;
			};
			name = Release;
		};
/* End XCBuildConfiguration section */

/* Begin XCConfigurationList section */
		C9A522D1265FF6240054C454 /* Build configuration list for PBXProject "SDK" */ = {
			isa = XCConfigurationList;
			buildConfigurations = (
				C9A522DD265FF6240054C454 /* Debug */,
				C9A522DE265FF6240054C454 /* Release */,
			);
			defaultConfigurationIsVisible = 0;
			defaultConfigurationName = Release;
		};
		C9A522DF265FF6240054C454 /* Build configuration list for PBXNativeTarget "SDK" */ = {
			isa = XCConfigurationList;
			buildConfigurations = (
				C9A522E0265FF6240054C454 /* Debug */,
				C9A522E1265FF6240054C454 /* Release */,
			);
			defaultConfigurationIsVisible = 0;
			defaultConfigurationName = Release;
		};
		C9DAB1C226F105FE0012E9E2 /* Build configuration list for PBXNativeTarget "StacksiftTests" */ = {
			isa = XCConfigurationList;
			buildConfigurations = (
				C9DAB1C026F105FE0012E9E2 /* Debug */,
				C9DAB1C126F105FE0012E9E2 /* Release */,
			);
			defaultConfigurationIsVisible = 0;
			defaultConfigurationName = Release;
		};
/* End XCConfigurationList section */
	};
	rootObject = C9A522CE265FF6240054C454 /* Project object */;
}
