{
  "object": {
    "pins": [
      {
        "package": "Impact",
        "repositoryURL": "https://github.com/stacksift/Impact",
        "state": {
          "branch": null,
          "revision": "eaa432a98b91380e17c7fe04c1504f66d004b087",
          "version": "0.3.6"
        }
      },
      {
        "package": "Wells",
        "repositoryURL": "https://github.com/stacksift/Wells",
        "state": {
          "branch": null,
          "revision": "ed44eb960fde245c184be30bc3fa0b3027a7a97c",
          "version": "0.1.3"
        }
      }
    ]
  },
  "version": 1
}
