{
  "object": {
    "pins": [
      {
        "package": "Impact",
        "repositoryURL": "https://github.com/stacksift/Impact",
        "state": {
          "branch": null,
          "revision": "fd860be07125cb9cd6860cd240a36dc83716fc67",
          "version": "0.3.7"
        }
      },
      {
        "package": "Wells",
        "repositoryURL": "https://github.com/stacksift/Wells",
        "state": {
          "branch": null,
          "revision": "ed44eb960fde245c184be30bc3fa0b3027a7a97c",
          "version": "0.1.3"
        }
      }
    ]
  },
  "version": 1
}
